
Microsoft Visual Studio Solution File, Format Version 12.00
# Visual Studio Version 17
VisualStudioVersion = 17.14.36429.23 d17.14
MinimumVisualStudioVersion = 10.0.40219.1
Project("{FAE04EC0-301F-11D3-BF4B-00C04F79EFBC}") = "ConsoleApp5", "ConsoleApp5\ConsoleApp5.csproj", "{AB14D641-DB35-4A60-93C9-B113C9D507F1}"
EndProject
Global
	GlobalSection(SolutionConfigurationPlatforms) = preSolution
		Debug|Any CPU = Debug|Any CPU
		Release|Any CPU = Release|Any CPU
	EndGlobalSection
	GlobalSection(ProjectConfigurationPlatforms) = postSolution
		{AB14D641-DB35-4A60-93C9-B113C9D507F1}.Debug|Any CPU.ActiveCfg = Debug|Any CPU
		{AB14D641-DB35-4A60-93C9-B113C9D507F1}.Debug|Any CPU.Build.0 = Debug|Any CPU
		{AB14D641-DB35-4A60-93C9-B113C9D507F1}.Release|Any CPU.ActiveCfg = Release|Any CPU
		{AB14D641-DB35-4A60-93C9-B113C9D507F1}.Release|Any CPU.Build.0 = Release|Any CPU
	EndGlobalSection
	GlobalSection(SolutionProperties) = preSolution
		HideSolutionNode = FALSE
	EndGlobalSection
	GlobalSection(ExtensibilityGlobals) = postSolution
		SolutionGuid = {65E363C6-C44C-45DF-B2D7-0033B1C12600}
	EndGlobalSection
EndGlobal
